
Microsoft Visual Studio Solution File, Format Version 12.00
# Visual Studio 15
VisualStudioVersion = 15.0.26430.13
MinimumVisualStudioVersion = 10.0.40219.1
Project("{FAE04EC0-301F-11D3-BF4B-00C04F79EFBC}") = "GPSharper", "GPSharper\GPSharper\GPSharper.csproj", "{101F6790-3DC0-4446-8ACC-8AB9C920F0C6}"
EndProject
Project("{FAE04EC0-301F-11D3-BF4B-00C04F79EFBC}") = "GPSharper.Test", "GPSharper\GPSharper.Test\GPSharper.Test.csproj", "{235C9600-7633-4B3E-901A-4CA394B42C5A}"
EndProject
Project("{FAE04EC0-301F-11D3-BF4B-00C04F79EFBC}") = "GPSharper.Vsix", "GPSharper\GPSharper.Vsix\GPSharper.Vsix.csproj", "{2BA7239E-CFF0-40E3-81FE-A0E65D738AC5}"
EndProject
Global
	GlobalSection(SolutionConfigurationPlatforms) = preSolution
		Debug|Any CPU = Debug|Any CPU
		Release|Any CPU = Release|Any CPU
	EndGlobalSection
	GlobalSection(ProjectConfigurationPlatforms) = postSolution
		{101F6790-3DC0-4446-8ACC-8AB9C920F0C6}.Debug|Any CPU.ActiveCfg = Debug|Any CPU
		{101F6790-3DC0-4446-8ACC-8AB9C920F0C6}.Debug|Any CPU.Build.0 = Debug|Any CPU
		{101F6790-3DC0-4446-8ACC-8AB9C920F0C6}.Release|Any CPU.ActiveCfg = Release|Any CPU
		{101F6790-3DC0-4446-8ACC-8AB9C920F0C6}.Release|Any CPU.Build.0 = Release|Any CPU
		{235C9600-7633-4B3E-901A-4CA394B42C5A}.Debug|Any CPU.ActiveCfg = Debug|Any CPU
		{235C9600-7633-4B3E-901A-4CA394B42C5A}.Debug|Any CPU.Build.0 = Debug|Any CPU
		{235C9600-7633-4B3E-901A-4CA394B42C5A}.Release|Any CPU.ActiveCfg = Release|Any CPU
		{235C9600-7633-4B3E-901A-4CA394B42C5A}.Release|Any CPU.Build.0 = Release|Any CPU
		{2BA7239E-CFF0-40E3-81FE-A0E65D738AC5}.Debug|Any CPU.ActiveCfg = Debug|Any CPU
		{2BA7239E-CFF0-40E3-81FE-A0E65D738AC5}.Debug|Any CPU.Build.0 = Debug|Any CPU
		{2BA7239E-CFF0-40E3-81FE-A0E65D738AC5}.Release|Any CPU.ActiveCfg = Release|Any CPU
		{2BA7239E-CFF0-40E3-81FE-A0E65D738AC5}.Release|Any CPU.Build.0 = Release|Any CPU
	EndGlobalSection
	GlobalSection(SolutionProperties) = preSolution
		HideSolutionNode = FALSE
	EndGlobalSection
EndGlobal
