
Microsoft Visual Studio Solution File, Format Version 12.00
# Visual Studio 15
VisualStudioVersion = 15.0.26430.12
MinimumVisualStudioVersion = 10.0.40219.1
Project("{FAE04EC0-301F-11D3-BF4B-00C04F79EFBC}") = "Analyzer", "Analyzer\Analyzer\Analyzer.csproj", "{4E7A7C84-D8C0-4993-B4CB-29F698DC6798}"
EndProject
Project("{FAE04EC0-301F-11D3-BF4B-00C04F79EFBC}") = "Analyzer.Test", "Analyzer\Analyzer.Test\Analyzer.Test.csproj", "{8255A745-56C1-4447-9990-2F645EB9486E}"
EndProject
Project("{FAE04EC0-301F-11D3-BF4B-00C04F79EFBC}") = "Analyzer.Vsix", "Analyzer\Analyzer.Vsix\Analyzer.Vsix.csproj", "{FB8A0DA7-17F1-42EF-AD09-38E57FBEF9CC}"
EndProject
Global
	GlobalSection(SolutionConfigurationPlatforms) = preSolution
		Debug|Any CPU = Debug|Any CPU
		Release|Any CPU = Release|Any CPU
	EndGlobalSection
	GlobalSection(ProjectConfigurationPlatforms) = postSolution
		{4E7A7C84-D8C0-4993-B4CB-29F698DC6798}.Debug|Any CPU.ActiveCfg = Debug|Any CPU
		{4E7A7C84-D8C0-4993-B4CB-29F698DC6798}.Debug|Any CPU.Build.0 = Debug|Any CPU
		{4E7A7C84-D8C0-4993-B4CB-29F698DC6798}.Release|Any CPU.ActiveCfg = Release|Any CPU
		{4E7A7C84-D8C0-4993-B4CB-29F698DC6798}.Release|Any CPU.Build.0 = Release|Any CPU
		{8255A745-56C1-4447-9990-2F645EB9486E}.Debug|Any CPU.ActiveCfg = Debug|Any CPU
		{8255A745-56C1-4447-9990-2F645EB9486E}.Debug|Any CPU.Build.0 = Debug|Any CPU
		{8255A745-56C1-4447-9990-2F645EB9486E}.Release|Any CPU.ActiveCfg = Release|Any CPU
		{8255A745-56C1-4447-9990-2F645EB9486E}.Release|Any CPU.Build.0 = Release|Any CPU
		{FB8A0DA7-17F1-42EF-AD09-38E57FBEF9CC}.Debug|Any CPU.ActiveCfg = Debug|Any CPU
		{FB8A0DA7-17F1-42EF-AD09-38E57FBEF9CC}.Debug|Any CPU.Build.0 = Debug|Any CPU
		{FB8A0DA7-17F1-42EF-AD09-38E57FBEF9CC}.Release|Any CPU.ActiveCfg = Release|Any CPU
		{FB8A0DA7-17F1-42EF-AD09-38E57FBEF9CC}.Release|Any CPU.Build.0 = Release|Any CPU
	EndGlobalSection
	GlobalSection(SolutionProperties) = preSolution
		HideSolutionNode = FALSE
	EndGlobalSection
EndGlobal
